<?xml version="1.0" encoding="utf-8"?>
<Project ToolsVersion="4.0" xmlns="http://schemas.microsoft.com/developer/msbuild/2003">
  <ItemGroup>
    <Filter Include="Source Files">
      <UniqueIdentifier>{4FC737F1-C7A5-4376-A066-2A32D752A2FF}</UniqueIdentifier>
      <Extensions>cpp;c;cc;cxx;def;odl;idl;hpj;bat;asm;asmx</Extensions>
    </Filter>
    <Filter Include="Header Files">
      <UniqueIdentifier>{93995380-89BD-4b04-88EB-625FBE52EBFB}</UniqueIdentifier>
      <Extensions>h;hpp;hxx;hm;inl;inc;xsd</Extensions>
    </Filter>
    <Filter Include="Resource Files">
      <UniqueIdentifier>{67DA6AB6-F800-4c08-8B7A-83BB121AAD01}</UniqueIdentifier>
      <Extensions>rc;ico;cur;bmp;dlg;rc2;rct;bin;rgs;gif;jpg;jpeg;jpe;resx;tiff;tif;png;wav</Extensions>
    </Filter>
  </ItemGroup>
  <ItemGroup>
    <ClCompile Include="advapi.c">
      <Filter>Source Files</Filter>
    </ClCompile>
    <ClCompile Include="condvar.c">
      <Filter>Source Files</Filter>
    </ClCompile>
    <ClCompile Include="dbg.c">
      <Filter>Source Files</Filter>
    </ClCompile>
    <ClCompile Include="dllmain.c">
      <Filter>Source Files</Filter>
    </ClCompile>
    <ClCompile Include="dwmapi.c">
      <Filter>Source Files</Filter>
    </ClCompile>
    <ClCompile Include="dxgi.c">
      <Filter>Source Files</Filter>
    </ClCompile>
    <ClCompile Include="evt_log.c">
      <Filter>Source Files</Filter>
    </ClCompile>
    <ClCompile Include="exports.c">
      <Filter>Source Files</Filter>
    </ClCompile>
    <ClCompile Include="fiber.c">
      <Filter>Source Files</Filter>
    </ClCompile>
    <ClCompile Include="file.c">
      <Filter>Source Files</Filter>
    </ClCompile>
    <ClCompile Include="initonce.c">
      <Filter>Source Files</Filter>
    </ClCompile>
    <ClCompile Include="ip.c">
      <Filter>Source Files</Filter>
    </ClCompile>
    <ClCompile Include="locale.c">
      <Filter>Source Files</Filter>
    </ClCompile>
    <ClCompile Include="misc.c">
      <Filter>Source Files</Filter>
    </ClCompile>
    <ClCompile Include="module.c">
      <Filter>Source Files</Filter>
    </ClCompile>
    <ClCompile Include="ole32.c">
      <Filter>Source Files</Filter>
    </ClCompile>
    <ClCompile Include="power.c">
      <Filter>Source Files</Filter>
    </ClCompile>
    <ClCompile Include="processor.c">
      <Filter>Source Files</Filter>
    </ClCompile>
    <ClCompile Include="procthread.c">
      <Filter>Source Files</Filter>
    </ClCompile>
    <ClCompile Include="product.c">
      <Filter>Source Files</Filter>
    </ClCompile>
    <ClCompile Include="psapi.c">
      <Filter>Source Files</Filter>
    </ClCompile>
    <ClCompile Include="ptr.c">
      <Filter>Source Files</Filter>
    </ClCompile>
    <ClCompile Include="registry.c">
      <Filter>Source Files</Filter>
    </ClCompile>
    <ClCompile Include="setupapi.c">
      <Filter>Source Files</Filter>
    </ClCompile>
    <ClCompile Include="shell.c">
      <Filter>Source Files</Filter>
    </ClCompile>
    <ClCompile Include="srw.c">
      <Filter>Source Files</Filter>
    </ClCompile>
    <ClCompile Include="synch.c">
      <Filter>Source Files</Filter>
    </ClCompile>
    <ClCompile Include="tls.c">
      <Filter>Source Files</Filter>
    </ClCompile>
    <ClCompile Include="user.c">
      <Filter>Source Files</Filter>
    </ClCompile>
    <ClCompile Include="wer.c">
      <Filter>Source Files</Filter>
    </ClCompile>
    <ClCompile Include="combase.c">
      <Filter>Source Files</Filter>
    </ClCompile>
    <ClCompile Include="dwrite.c">
      <Filter>Source Files</Filter>
    </ClCompile>
  </ItemGroup>
  <ItemGroup>
    <ClInclude Include="com_lite.h">
      <Filter>Header Files</Filter>
    </ClInclude>
    <ClInclude Include="export.h">
      <Filter>Header Files</Filter>
    </ClInclude>
    <ClInclude Include="implementations.h">
      <Filter>Header Files</Filter>
    </ClInclude>
    <ClInclude Include="locale.h">
      <Filter>Header Files</Filter>
    </ClInclude>
    <ClInclude Include="progwrp.h">
      <Filter>Header Files</Filter>
    </ClInclude>
    <ClInclude Include="resource.h">
      <Filter>Header Files</Filter>
    </ClInclude>
  </ItemGroup>
  <ItemGroup>
    <ResourceCompile Include="rsrc.rc">
      <Filter>Resource Files</Filter>
    </ResourceCompile>
  </ItemGroup>
  <ItemGroup>
    <Text Include="ReadMe.txt" />
  </ItemGroup>
</Project>